<?xml version="1.0" encoding="utf-8"?>
<Project ToolsVersion="4.0" xmlns="http://schemas.microsoft.com/developer/msbuild/2003">
  <ItemGroup>
    <Filter Include="Исходные файлы">
      <UniqueIdentifier>{4FC737F1-C7A5-4376-A066-2A32D752A2FF}</UniqueIdentifier>
      <Extensions>cpp;c;cc;cxx;c++;cppm;ixx;def;odl;idl;hpj;bat;asm;asmx</Extensions>
    </Filter>
    <Filter Include="Файлы заголовков">
      <UniqueIdentifier>{93995380-89BD-4b04-88EB-625FBE52EBFB}</UniqueIdentifier>
      <Extensions>h;hh;hpp;hxx;h++;hm;inl;inc;ipp;xsd</Extensions>
    </Filter>
    <Filter Include="Файлы ресурсов">
      <UniqueIdentifier>{67DA6AB6-F800-4c08-8B7A-83BB121AAD01}</UniqueIdentifier>
      <Extensions>rc;ico;cur;bmp;dlg;rc2;rct;bin;rgs;gif;jpg;jpeg;jpe;resx;tiff;tif;png;wav;mfcribbon-ms</Extensions>
    </Filter>
    <Filter Include="Исходные файлы\Sources">
      <UniqueIdentifier>{7765fbf1-9325-4ce3-b472-c00f06ebd33b}</UniqueIdentifier>
    </Filter>
    <Filter Include="Файлы заголовков\Sources">
      <UniqueIdentifier>{f7c1b30f-a2c0-4e01-9819-53c4e8ea00e7}</UniqueIdentifier>
    </Filter>
    <Filter Include="Файлы заголовков\Sources\UI Controls">
      <UniqueIdentifier>{b62cbc43-818c-4239-b8ad-62e919483ce9}</UniqueIdentifier>
    </Filter>
    <Filter Include="Файлы заголовков\Sources\Utilities">
      <UniqueIdentifier>{059793bb-b5e2-40f5-baf1-4c8e40ca35f4}</UniqueIdentifier>
    </Filter>
    <Filter Include="Файлы заголовков\Sources\Windows">
      <UniqueIdentifier>{480d54f1-9d4a-4e8e-929a-10089419c145}</UniqueIdentifier>
    </Filter>
    <Filter Include="Файлы заголовков\Sources\Interfaces">
      <UniqueIdentifier>{01137715-f396-4b26-8baf-378705bb6341}</UniqueIdentifier>
    </Filter>
    <Filter Include="Файлы заголовков\Libraries">
      <UniqueIdentifier>{2886f095-cca2-4c62-8c2a-8cf324e30332}</UniqueIdentifier>
    </Filter>
    <Filter Include="Исходные файлы\Sources\Interfaces">
      <UniqueIdentifier>{7fdd9ba2-c75a-4f75-89aa-b16a395e2690}</UniqueIdentifier>
    </Filter>
    <Filter Include="Исходные файлы\Sources\UI Controls">
      <UniqueIdentifier>{0f2fe31d-625d-4da6-8c8a-08b933ae3fa7}</UniqueIdentifier>
    </Filter>
    <Filter Include="Исходные файлы\Sources\Utilities">
      <UniqueIdentifier>{3ebdaa7a-0efc-4205-ab21-e24559a81422}</UniqueIdentifier>
    </Filter>
    <Filter Include="Исходные файлы\Sources\Windows">
      <UniqueIdentifier>{3cb824d8-0d3e-499a-b0d8-0d58b086e427}</UniqueIdentifier>
    </Filter>
  </ItemGroup>
  <ItemGroup>
    <ClCompile Include="src\opendss.cpp">
      <Filter>Исходные файлы\Sources</Filter>
    </ClCompile>
    <ClCompile Include="src\windows\filemanw.cpp">
      <Filter>Исходные файлы\Sources\Windows</Filter>
    </ClCompile>
    <ClCompile Include="src\utils\extstr.cpp">
      <Filter>Исходные файлы\Sources\Utilities</Filter>
    </ClCompile>
    <ClCompile Include="src\controls\extwnd.cpp">
      <Filter>Исходные файлы\Sources\UI Controls</Filter>
    </ClCompile>
    <ClCompile Include="src\utils\fileman.cpp">
      <Filter>Исходные файлы\Sources\Utilities</Filter>
    </ClCompile>
    <ClCompile Include="src\controls\listbox.cpp">
      <Filter>Исходные файлы\Sources\UI Controls</Filter>
    </ClCompile>
    <ClCompile Include="src\controls\msgbox.cpp">
      <Filter>Исходные файлы\Sources\UI Controls</Filter>
    </ClCompile>
    <ClCompile Include="src\utils\pguiman.cpp">
      <Filter>Исходные файлы\Sources\Utilities</Filter>
    </ClCompile>
    <ClCompile Include="src\windows\playerw.cpp">
      <Filter>Исходные файлы\Sources\Windows</Filter>
    </ClCompile>
    <ClCompile Include="src\interfaces\auddeci.cpp">
      <Filter>Исходные файлы\Sources\Interfaces</Filter>
    </ClCompile>
  </ItemGroup>
  <ItemGroup>
    <ClInclude Include="src\utils\pguiman.h">
      <Filter>Файлы заголовков\Sources\Utilities</Filter>
    </ClInclude>
    <ClInclude Include="src\controls\extwnd.h">
      <Filter>Файлы заголовков\Sources\UI Controls</Filter>
    </ClInclude>
    <ClInclude Include="src\interfaces\pguimani.h">
      <Filter>Файлы заголовков\Sources\Interfaces</Filter>
    </ClInclude>
    <ClInclude Include="src\controls\uictrl.h">
      <Filter>Файлы заголовков\Sources\UI Controls</Filter>
    </ClInclude>
    <ClInclude Include="src\interfaces\filemani.h">
      <Filter>Файлы заголовков\Sources\Interfaces</Filter>
    </ClInclude>
    <ClInclude Include="src\utils\fileman.h">
      <Filter>Файлы заголовков\Sources\Utilities</Filter>
    </ClInclude>
    <ClInclude Include="src\windows\filemanw.h">
      <Filter>Файлы заголовков\Sources\Windows</Filter>
    </ClInclude>
    <ClInclude Include="src\utils\extstr.h">
      <Filter>Файлы заголовков\Sources\Utilities</Filter>
    </ClInclude>
    <ClInclude Include="src\controls\listbox.h">
      <Filter>Файлы заголовков\Sources\UI Controls</Filter>
    </ClInclude>
    <ClInclude Include="src\controls\msgbox.h">
      <Filter>Файлы заголовков\Sources\UI Controls</Filter>
    </ClInclude>
    <ClInclude Include="src\version.h">
      <Filter>Файлы заголовков\Sources</Filter>
    </ClInclude>
    <ClInclude Include="src\windows\playerw.h">
      <Filter>Файлы заголовков\Sources\Windows</Filter>
    </ClInclude>
    <ClInclude Include="src\interfaces\auddeci.h">
      <Filter>Файлы заголовков\Sources\Interfaces</Filter>
    </ClInclude>
  </ItemGroup>
</Project>