
Microsoft Visual Studio Solution File, Format Version 12.00
# Visual Studio Version 17
VisualStudioVersion = 17.14.36121.58 d17.14
MinimumVisualStudioVersion = 10.0.40219.1
Project("{8BC9CEB8-8B4A-11D0-8D11-00A0C91BC942}") = "dse_mp3dec", "dse_mp3dec.vcxproj", "{DC789BED-0E11-45D0-833E-BC5930F99608}"
EndProject
Global
	GlobalSection(SolutionConfigurationPlatforms) = preSolution
		Debug|x64 = Debug|x64
		Debug|x86 = Debug|x86
		Release|x64 = Release|x64
		Release|x86 = Release|x86
	EndGlobalSection
	GlobalSection(ProjectConfigurationPlatforms) = postSolution
		{DC789BED-0E11-45D0-833E-BC5930F99608}.Debug|x64.ActiveCfg = Debug|x64
		{DC789BED-0E11-45D0-833E-BC5930F99608}.Debug|x64.Build.0 = Debug|x64
		{DC789BED-0E11-45D0-833E-BC5930F99608}.Debug|x86.ActiveCfg = Debug|Win32
		{DC789BED-0E11-45D0-833E-BC5930F99608}.Debug|x86.Build.0 = Debug|Win32
		{DC789BED-0E11-45D0-833E-BC5930F99608}.Release|x64.ActiveCfg = Release|x64
		{DC789BED-0E11-45D0-833E-BC5930F99608}.Release|x64.Build.0 = Release|x64
		{DC789BED-0E11-45D0-833E-BC5930F99608}.Release|x86.ActiveCfg = Release|Win32
		{DC789BED-0E11-45D0-833E-BC5930F99608}.Release|x86.Build.0 = Release|Win32
	EndGlobalSection
	GlobalSection(SolutionProperties) = preSolution
		HideSolutionNode = FALSE
	EndGlobalSection
	GlobalSection(ExtensibilityGlobals) = postSolution
		SolutionGuid = {AD775E9F-5796-4EA7-8562-5F446AC061B8}
	EndGlobalSection
EndGlobal
